<?xml version="1.0" encoding="utf-8"?>
<Project ToolsVersion="4.0" xmlns="http://schemas.microsoft.com/developer/msbuild/2003">
  <ItemGroup>
    <ClCompile Include="stdafx.cpp" />
    <ClCompile Include="App\app.cpp">
      <Filter>API</Filter>
    </ClCompile>
    <ClCompile Include="App\main.cpp">
      <Filter>API</Filter>
    </ClCompile>
    <ClCompile Include="App\SimpleController.cpp">
      <Filter>API</Filter>
    </ClCompile>
    <ClCompile Include="App\SimpleSound.cpp">
      <Filter>API</Filter>
    </ClCompile>
    <ClCompile Include="App\SimpleSprite.cpp">
      <Filter>API</Filter>
    </ClCompile>
    <ClCompile Include="stb_image\stb_image.cpp">
      <Filter>API\third_party\stb_image</Filter>
    </ClCompile>
    <ClCompile Include="miniaudio\miniaudio.cpp">
      <Filter>API\third_party\miniaudio</Filter>
    </ClCompile>
    <ClCompile Include="Component.cpp">
      <Filter>Components</Filter>
    </ClCompile>
    <ClCompile Include="GameObject.cpp">
      <Filter>GameObjects</Filter>
    </ClCompile>
    <ClCompile Include="Ctransform.cpp">
      <Filter>Components</Filter>
    </ClCompile>
    <ClCompile Include="CustomMath.cpp">
      <Filter>Utility</Filter>
    </ClCompile>
    <ClCompile Include="appUtility.cpp">
      <Filter>Utility</Filter>
    </ClCompile>
    <ClCompile Include="CRenderer.cpp">
      <Filter>Components</Filter>
    </ClCompile>
    <ClCompile Include="Crigidbody.cpp">
      <Filter>Components</Filter>
    </ClCompile>
    <ClCompile Include="Ccursor.cpp">
      <Filter>Components</Filter>
    </ClCompile>
    <ClCompile Include="Ccamera.cpp">
      <Filter>Components</Filter>
    </ClCompile>
    <ClCompile Include="Camera.cpp">
      <Filter>Cameras&amp;Rendering</Filter>
    </ClCompile>
    <ClCompile Include="CameraManager.cpp">
      <Filter>Cameras&amp;Rendering</Filter>
    </ClCompile>
    <ClCompile Include="ObserverPattern.cpp">
      <Filter>Observer</Filter>
    </ClCompile>
    <ClCompile Include="TestGame.cpp">
      <Filter>Game&amp;StartPoint</Filter>
    </ClCompile>
    <ClCompile Include="StartingPoint.cpp">
      <Filter>Game&amp;StartPoint</Filter>
    </ClCompile>
    <ClCompile Include="Game.cpp">
      <Filter>Game&amp;StartPoint</Filter>
    </ClCompile>
    <ClCompile Include="PhysicsSimulation.cpp">
      <Filter>Physics</Filter>
    </ClCompile>
    <ClCompile Include="Renderer.cpp">
      <Filter>Cameras&amp;Rendering</Filter>
    </ClCompile>
    <ClCompile Include="Command.cpp">
      <Filter>Input\Commands</Filter>
    </ClCompile>
    <ClCompile Include="Grid.cpp">
      <Filter>AI</Filter>
    </ClCompile>
    <ClCompile Include="Pathfinding.cpp">
      <Filter>AI</Filter>
    </ClCompile>
    <ClCompile Include="GameObjectManager.cpp">
      <Filter>GameObjects</Filter>
    </ClCompile>
    <ClCompile Include="RigidBody.cpp">
      <Filter>Physics</Filter>
    </ClCompile>
    <ClCompile Include="Collider.cpp">
      <Filter>Physics</Filter>
    </ClCompile>
    <ClCompile Include="State.cpp">
      <Filter>AI</Filter>
    </ClCompile>
    <ClCompile Include="PushDownAutomata.cpp">
      <Filter>AI</Filter>
    </ClCompile>
    <ClCompile Include="CPDAcontroller.cpp">
      <Filter>Components</Filter>
    </ClCompile>
    <ClCompile Include="InputHandler.cpp">
      <Filter>Input</Filter>
    </ClCompile>
    <ClCompile Include="IIDSystem.cpp">
      <Filter>Utility</Filter>
    </ClCompile>
  </ItemGroup>
  <ItemGroup>
    <ClInclude Include="stdafx.h" />
    <ClInclude Include="App\app.h">
      <Filter>API</Filter>
    </ClInclude>
    <ClInclude Include="App\AppSettings.h">
      <Filter>API</Filter>
    </ClInclude>
    <ClInclude Include="App\main.h">
      <Filter>API</Filter>
    </ClInclude>
    <ClInclude Include="App\SimpleController.h">
      <Filter>API</Filter>
    </ClInclude>
    <ClInclude Include="App\SimpleSound.h">
      <Filter>API</Filter>
    </ClInclude>
    <ClInclude Include="App\SimpleSprite.h">
      <Filter>API</Filter>
    </ClInclude>
    <ClInclude Include="targetver.h">
      <Filter>API</Filter>
    </ClInclude>
    <ClInclude Include="stb_image\stb_image.h">
      <Filter>API\third_party\stb_image</Filter>
    </ClInclude>
    <ClInclude Include="miniaudio\miniaudio.h">
      <Filter>API\third_party\miniaudio</Filter>
    </ClInclude>
    <ClInclude Include="Component.h">
      <Filter>Components</Filter>
    </ClInclude>
    <ClInclude Include="GameObject.h">
      <Filter>GameObjects</Filter>
    </ClInclude>
    <ClInclude Include="Ctransform.h">
      <Filter>Components</Filter>
    </ClInclude>
    <ClInclude Include="CustomMath.h">
      <Filter>Utility</Filter>
    </ClInclude>
    <ClInclude Include="appUtility.h">
      <Filter>Utility</Filter>
    </ClInclude>
    <ClInclude Include="CRenderer.h">
      <Filter>Components</Filter>
    </ClInclude>
    <ClInclude Include="Crigidbody.h">
      <Filter>Components</Filter>
    </ClInclude>
    <ClInclude Include="Ccursor.h">
      <Filter>Components</Filter>
    </ClInclude>
    <ClInclude Include="Scheduler.h">
      <Filter>Utility</Filter>
    </ClInclude>
    <ClInclude Include="Ccamera.h">
      <Filter>Components</Filter>
    </ClInclude>
    <ClInclude Include="Camera.h">
      <Filter>Cameras&amp;Rendering</Filter>
    </ClInclude>
    <ClInclude Include="CameraManager.h">
      <Filter>Cameras&amp;Rendering</Filter>
    </ClInclude>
    <ClInclude Include="ObserverPattern.h">
      <Filter>Observer</Filter>
    </ClInclude>
    <ClInclude Include="TestGame.h">
      <Filter>Game&amp;StartPoint</Filter>
    </ClInclude>
    <ClInclude Include="Game.h">
      <Filter>Game&amp;StartPoint</Filter>
    </ClInclude>
    <ClInclude Include="PhysicsSimulation.h">
      <Filter>Physics</Filter>
    </ClInclude>
    <ClInclude Include="Renderer.h">
      <Filter>Cameras&amp;Rendering</Filter>
    </ClInclude>
    <ClInclude Include="Command.h">
      <Filter>Input\Commands</Filter>
    </ClInclude>
    <ClInclude Include="Grid.h">
      <Filter>AI</Filter>
    </ClInclude>
    <ClInclude Include="Pathfinding.h">
      <Filter>AI</Filter>
    </ClInclude>
    <ClInclude Include="GameObjectManager.h">
      <Filter>GameObjects</Filter>
    </ClInclude>
    <ClInclude Include="RigidBody.h">
      <Filter>Physics</Filter>
    </ClInclude>
    <ClInclude Include="Collider.h">
      <Filter>Physics</Filter>
    </ClInclude>
    <ClInclude Include="Collision.h">
      <Filter>Physics</Filter>
    </ClInclude>
    <ClInclude Include="DataStructure.h">
      <Filter>DataStructure</Filter>
    </ClInclude>
    <ClInclude Include="resource.h" />
    <ClInclude Include="State.h">
      <Filter>AI</Filter>
    </ClInclude>
    <ClInclude Include="PushDownAutomata.h">
      <Filter>AI</Filter>
    </ClInclude>
    <ClInclude Include="CPDAcontroller.h">
      <Filter>Components</Filter>
    </ClInclude>
    <ClInclude Include="RingBuffer.h">
      <Filter>DataStructure</Filter>
    </ClInclude>
    <ClInclude Include="InputHandler.h">
      <Filter>Input</Filter>
    </ClInclude>
    <ClInclude Include="IIDSystem.h">
      <Filter>Utility</Filter>
    </ClInclude>
  </ItemGroup>
  <ItemGroup>
    <Filter Include="API">
      <UniqueIdentifier>{f318918d-bb9f-4402-ae1c-4f72186d16f6}</UniqueIdentifier>
    </Filter>
    <Filter Include="API\third_party">
      <UniqueIdentifier>{27bd8d9d-bd08-4004-9045-4e86e26c901f}</UniqueIdentifier>
    </Filter>
    <Filter Include="API\third_party\miniaudio">
      <UniqueIdentifier>{957ea575-fd4f-4ede-b4f9-66b4022639a5}</UniqueIdentifier>
    </Filter>
    <Filter Include="API\third_party\stb_image">
      <UniqueIdentifier>{61cfc19b-c57e-4021-b530-bac172fcba86}</UniqueIdentifier>
    </Filter>
    <Filter Include="Components">
      <UniqueIdentifier>{5a734412-d55e-4909-abba-9455b85c2aeb}</UniqueIdentifier>
    </Filter>
    <Filter Include="GameObjects">
      <UniqueIdentifier>{62618a28-5725-481d-a121-b127d48f1aac}</UniqueIdentifier>
    </Filter>
    <Filter Include="Utility">
      <UniqueIdentifier>{fc032ef5-67bd-427b-970c-6b86f564a31c}</UniqueIdentifier>
    </Filter>
    <Filter Include="Physics">
      <UniqueIdentifier>{4184aade-8647-4117-a657-ac158d750138}</UniqueIdentifier>
    </Filter>
    <Filter Include="Observer">
      <UniqueIdentifier>{60657d4f-a298-4252-a069-924d50b18ec0}</UniqueIdentifier>
    </Filter>
    <Filter Include="Game&amp;StartPoint">
      <UniqueIdentifier>{cac4cf7d-b950-4dba-b2f1-a7a92a07934a}</UniqueIdentifier>
    </Filter>
    <Filter Include="Cameras&amp;Rendering">
      <UniqueIdentifier>{e3ebe493-783f-4f96-b14b-d650d252ea85}</UniqueIdentifier>
    </Filter>
    <Filter Include="AI">
      <UniqueIdentifier>{de125200-899f-4b67-b536-13e9a614cb2f}</UniqueIdentifier>
    </Filter>
    <Filter Include="Input">
      <UniqueIdentifier>{0c773365-e466-428b-8596-9506f3fbab05}</UniqueIdentifier>
    </Filter>
    <Filter Include="Input\Commands">
      <UniqueIdentifier>{2b71b6c0-6aff-4956-a50a-6d69b81d0f86}</UniqueIdentifier>
    </Filter>
    <Filter Include="DataStructure">
      <UniqueIdentifier>{026224c3-ecee-4a92-b14f-8248ab112150}</UniqueIdentifier>
    </Filter>
  </ItemGroup>
  <ItemGroup>
    <Text Include="ReadMe.txt">
      <Filter>API</Filter>
    </Text>
  </ItemGroup>
  <ItemGroup>
    <ResourceCompile Include="Engine.rc" />
  </ItemGroup>
</Project>